
Microsoft Visual Studio Solution File, Format Version 12.00
# Visual Studio 15
VisualStudioVersion = 15.0.27703.2035
MinimumVisualStudioVersion = 10.0.40219.1
Project("{FAE04EC0-301F-11D3-BF4B-00C04F79EFBC}") = "You Slide Blocks", "You Slide Blocks\You Slide Blocks.csproj", "{3440C102-5355-4BFC-8583-4B60C33C1812}"
EndProject
Global
	GlobalSection(SolutionConfigurationPlatforms) = preSolution
		Debug|Any CPU = Debug|Any CPU
		Release|Any CPU = Release|Any CPU
	EndGlobalSection
	GlobalSection(ProjectConfigurationPlatforms) = postSolution
		{3440C102-5355-4BFC-8583-4B60C33C1812}.Debug|Any CPU.ActiveCfg = Debug|Any CPU
		{3440C102-5355-4BFC-8583-4B60C33C1812}.Debug|Any CPU.Build.0 = Debug|Any CPU
		{3440C102-5355-4BFC-8583-4B60C33C1812}.Release|Any CPU.ActiveCfg = Release|Any CPU
		{3440C102-5355-4BFC-8583-4B60C33C1812}.Release|Any CPU.Build.0 = Release|Any CPU
	EndGlobalSection
	GlobalSection(SolutionProperties) = preSolution
		HideSolutionNode = FALSE
	EndGlobalSection
	GlobalSection(ExtensibilityGlobals) = postSolution
		SolutionGuid = {364DCA04-4423-465E-8D3A-A560F7771086}
	EndGlobalSection
EndGlobal
